
Microsoft Visual Studio Solution File, Format Version 12.00
# Visual Studio Version 17
VisualStudioVersion = 17.7.34018.315
MinimumVisualStudioVersion = 10.0.40219.1
Project("{FAE04EC0-301F-11D3-BF4B-00C04F79EFBC}") = "FilesUploadApi", "FilesUploadApi\FilesUploadApi.csproj", "{C066226D-826B-4775-9259-D3961E2C9CC8}"
EndProject
Project("{FAE04EC0-301F-11D3-BF4B-00C04F79EFBC}") = "ConsoleApp1", "ConsoleApp1\ConsoleApp1.csproj", "{D6B4A959-9BFB-4C3A-927C-F9E72F07F33C}"
EndProject
Global
	GlobalSection(SolutionConfigurationPlatforms) = preSolution
		Debug|Any CPU = Debug|Any CPU
		Release|Any CPU = Release|Any CPU
	EndGlobalSection
	GlobalSection(ProjectConfigurationPlatforms) = postSolution
		{C066226D-826B-4775-9259-D3961E2C9CC8}.Debug|Any CPU.ActiveCfg = Debug|Any CPU
		{C066226D-826B-4775-9259-D3961E2C9CC8}.Debug|Any CPU.Build.0 = Debug|Any CPU
		{C066226D-826B-4775-9259-D3961E2C9CC8}.Release|Any CPU.ActiveCfg = Release|Any CPU
		{C066226D-826B-4775-9259-D3961E2C9CC8}.Release|Any CPU.Build.0 = Release|Any CPU
		{D6B4A959-9BFB-4C3A-927C-F9E72F07F33C}.Debug|Any CPU.ActiveCfg = Debug|Any CPU
		{D6B4A959-9BFB-4C3A-927C-F9E72F07F33C}.Debug|Any CPU.Build.0 = Debug|Any CPU
		{D6B4A959-9BFB-4C3A-927C-F9E72F07F33C}.Release|Any CPU.ActiveCfg = Release|Any CPU
		{D6B4A959-9BFB-4C3A-927C-F9E72F07F33C}.Release|Any CPU.Build.0 = Release|Any CPU
	EndGlobalSection
	GlobalSection(SolutionProperties) = preSolution
		HideSolutionNode = FALSE
	EndGlobalSection
	GlobalSection(ExtensibilityGlobals) = postSolution
		SolutionGuid = {AD1B9E07-A511-42E6-9979-A0446530CD82}
	EndGlobalSection
EndGlobal
